
Microsoft Visual Studio Solution File, Format Version 12.00
Project("{FAE04EC0-301F-11D3-BF4B-00C04F79EFBC}") = "msfamdisable-win11", "msfamdisable-win11.csproj", "{FE44B714-5B35-4AA4-B7AA-CC9ABB074577}"
EndProject
Global
	GlobalSection(SolutionConfigurationPlatforms) = preSolution
		Debug|Any CPU = Debug|Any CPU
		Release|Any CPU = Release|Any CPU
	EndGlobalSection
	GlobalSection(ProjectConfigurationPlatforms) = postSolution
		{FE44B714-5B35-4AA4-B7AA-CC9ABB074577}.Debug|Any CPU.ActiveCfg = Debug|Any CPU
		{FE44B714-5B35-4AA4-B7AA-CC9ABB074577}.Debug|Any CPU.Build.0 = Debug|Any CPU
		{FE44B714-5B35-4AA4-B7AA-CC9ABB074577}.Release|Any CPU.ActiveCfg = Release|Any CPU
		{FE44B714-5B35-4AA4-B7AA-CC9ABB074577}.Release|Any CPU.Build.0 = Release|Any CPU
	EndGlobalSection
EndGlobal
